
Microsoft Visual Studio Solution File, Format Version 12.00
# Visual Studio Version 17
VisualStudioVersion = 17.2.32519.379
MinimumVisualStudioVersion = 10.0.40219.1
Project("{9A19103F-16F7-4668-BE54-9A1E7A4F7556}") = "ZeroCodingTask.ConfigurationStorage", "ZeroCodingTask.ConfigurationStorage\ZeroCodingTask.ConfigurationStorage.csproj", "{B2D29CDC-4CDD-4C03-A7D3-54D4AF2DA955}"
EndProject
Project("{FAE04EC0-301F-11D3-BF4B-00C04F79EFBC}") = "ZeroCodingTask.UnitTests", "ZeroCodingTask.UnitTests\ZeroCodingTask.UnitTests.csproj", "{42AEA9E2-D69F-4330-B1D7-DBF279CEB73C}"
EndProject
Global
	GlobalSection(SolutionConfigurationPlatforms) = preSolution
		Debug|Any CPU = Debug|Any CPU
		Release|Any CPU = Release|Any CPU
	EndGlobalSection
	GlobalSection(ProjectConfigurationPlatforms) = postSolution
		{B2D29CDC-4CDD-4C03-A7D3-54D4AF2DA955}.Debug|Any CPU.ActiveCfg = Debug|Any CPU
		{B2D29CDC-4CDD-4C03-A7D3-54D4AF2DA955}.Debug|Any CPU.Build.0 = Debug|Any CPU
		{B2D29CDC-4CDD-4C03-A7D3-54D4AF2DA955}.Release|Any CPU.ActiveCfg = Release|Any CPU
		{B2D29CDC-4CDD-4C03-A7D3-54D4AF2DA955}.Release|Any CPU.Build.0 = Release|Any CPU
		{42AEA9E2-D69F-4330-B1D7-DBF279CEB73C}.Debug|Any CPU.ActiveCfg = Debug|Any CPU
		{42AEA9E2-D69F-4330-B1D7-DBF279CEB73C}.Debug|Any CPU.Build.0 = Debug|Any CPU
		{42AEA9E2-D69F-4330-B1D7-DBF279CEB73C}.Release|Any CPU.ActiveCfg = Release|Any CPU
		{42AEA9E2-D69F-4330-B1D7-DBF279CEB73C}.Release|Any CPU.Build.0 = Release|Any CPU
	EndGlobalSection
	GlobalSection(SolutionProperties) = preSolution
		HideSolutionNode = FALSE
	EndGlobalSection
	GlobalSection(ExtensibilityGlobals) = postSolution
		SolutionGuid = {CDD75835-9D3A-4278-868C-613954B0C0AD}
	EndGlobalSection
EndGlobal
